
Microsoft Visual Studio Solution File, Format Version 12.00
# Visual Studio Version 16
VisualStudioVersion = 16.0.32126.315
MinimumVisualStudioVersion = 10.0.40219.1
Project("{FAE04EC0-301F-11D3-BF4B-00C04F79EFBC}") = "UI", "UI\UI.csproj", "{F03E4F8D-832A-47BC-9FF6-E32B7D0D22CD}"
EndProject
Project("{FAE04EC0-301F-11D3-BF4B-00C04F79EFBC}") = "Model", "Model\Model.csproj", "{5D56F30A-9E9C-424C-BF7A-62D1E896E27B}"
EndProject
Project("{FAE04EC0-301F-11D3-BF4B-00C04F79EFBC}") = "Tests", "Tests\Tests.csproj", "{6FF5F788-73B8-40DB-9B99-AF7DE4A121C1}"
EndProject
Global
	GlobalSection(SolutionConfigurationPlatforms) = preSolution
		Debug|Any CPU = Debug|Any CPU
		Release|Any CPU = Release|Any CPU
	EndGlobalSection
	GlobalSection(ProjectConfigurationPlatforms) = postSolution
		{F03E4F8D-832A-47BC-9FF6-E32B7D0D22CD}.Debug|Any CPU.ActiveCfg = Debug|Any CPU
		{F03E4F8D-832A-47BC-9FF6-E32B7D0D22CD}.Debug|Any CPU.Build.0 = Debug|Any CPU
		{F03E4F8D-832A-47BC-9FF6-E32B7D0D22CD}.Release|Any CPU.ActiveCfg = Release|Any CPU
		{F03E4F8D-832A-47BC-9FF6-E32B7D0D22CD}.Release|Any CPU.Build.0 = Release|Any CPU
		{5D56F30A-9E9C-424C-BF7A-62D1E896E27B}.Debug|Any CPU.ActiveCfg = Debug|Any CPU
		{5D56F30A-9E9C-424C-BF7A-62D1E896E27B}.Debug|Any CPU.Build.0 = Debug|Any CPU
		{5D56F30A-9E9C-424C-BF7A-62D1E896E27B}.Release|Any CPU.ActiveCfg = Release|Any CPU
		{5D56F30A-9E9C-424C-BF7A-62D1E896E27B}.Release|Any CPU.Build.0 = Release|Any CPU
		{6FF5F788-73B8-40DB-9B99-AF7DE4A121C1}.Debug|Any CPU.ActiveCfg = Debug|Any CPU
		{6FF5F788-73B8-40DB-9B99-AF7DE4A121C1}.Debug|Any CPU.Build.0 = Debug|Any CPU
		{6FF5F788-73B8-40DB-9B99-AF7DE4A121C1}.Release|Any CPU.ActiveCfg = Release|Any CPU
		{6FF5F788-73B8-40DB-9B99-AF7DE4A121C1}.Release|Any CPU.Build.0 = Release|Any CPU
	EndGlobalSection
	GlobalSection(SolutionProperties) = preSolution
		HideSolutionNode = FALSE
	EndGlobalSection
	GlobalSection(ExtensibilityGlobals) = postSolution
		SolutionGuid = {10405444-EC44-4642-92C3-38DFC7AE3446}
	EndGlobalSection
EndGlobal
